{
  "requires": true,
  "lockfileVersion": 1,
  "dependencies": {
    "typeface-roboto": {
      "version": "1.1.13",
      "resolved": "https://registry.npmjs.org/typeface-roboto/-/typeface-roboto-1.1.13.tgz",
      "integrity": "sha512-YXvbd3a1QTREoD+FJoEkl0VQNJoEjewR2H11IjVv4bp6ahuIcw0yyw/3udC4vJkHw3T3cUh85FTg8eWef3pSaw=="
    },
    "typeface-roboto-mono": {
      "version": "1.1.13",
      "resolved": "https://registry.npmjs.org/typeface-roboto-mono/-/typeface-roboto-mono-1.1.13.tgz",
      "integrity": "sha512-pnzDc70b7ywJHin/BUFL7HZX8DyOTBLT2qxlJ92eH1UJOFcENIBXa9IZrxsJX/gEKjbEDKhW5vz/TKRBNk/ufQ=="
    }
  }
}
