{
  "requires": true,
  "lockfileVersion": 1,
  "dependencies": {
    "lodash": {
      "version": "4.13.1",
      "resolved": "https://registry.npmjs.org/lodash/-/lodash-4.13.1.tgz",
      "integrity": "sha1-g+SxCRP0hJbU0W/sSlYK8u50S2g="
    },
    "mon-projet": {
      "version": "1.0.0",
      "resolved": "https://registry.npmjs.org/mon-projet/-/mon-projet-1.0.0.tgz",
      "integrity": "sha512-bkaLF37ubnDjTQi6v4QyfQ28jmaqfOllx1C2am28wT0T3kZKliyVeuI7UDHQBjbL9K6aNKE1cGEv+F9GKwsGKA==",
      "requires": {
        "nerds": "^1.3.6"
      }
    },
    "nerds": {
      "version": "1.3.6",
      "resolved": "https://registry.npmjs.org/nerds/-/nerds-1.3.6.tgz",
      "integrity": "sha1-tuarK3EvJMCUiGsYcFe7AN+oCTk=",
      "requires": {
        "lodash": "4.13.1"
      }
    }
  }
}
