# THIS IS AN AUTOGENERATED FILE. DO NOT EDIT THIS FILE DIRECTLY.
# yarn lockfile v1


typeface-roboto@^1.1.13:
  version "1.1.13"
  resolved "https://registry.yarnpkg.com/typeface-roboto/-/typeface-roboto-1.1.13.tgz#9c4517cb91e311706c74823e857b4bac9a764ae5"
  integrity sha512-YXvbd3a1QTREoD+FJoEkl0VQNJoEjewR2H11IjVv4bp6ahuIcw0yyw/3udC4vJkHw3T3cUh85FTg8eWef3pSaw==
